// !$*UTF8*$!
{
	archiveVersion = 1;
	classes = {
	};
	objectVersion = 56;
	objects = {

/* Begin PBXBuildFile section */
		186C4CA62C62479B007CDAF1 /* PLAFaceViewController.swift in Sources */ = {isa = PBXBuildFile; fileRef = 186C4CA52C62479B007CDAF1 /* PLAFaceViewController.swift */; };
		186C4CA82C6247B8007CDAF1 /* PLAFaceView.swift in Sources */ = {isa = PBXBuildFile; fileRef = 186C4CA72C6247B8007CDAF1 /* PLAFaceView.swift */; };
		186C4CAA2C624D3E007CDAF1 /* PLAOrderViewController.swift in Sources */ = {isa = PBXBuildFile; fileRef = 186C4CA92C624D3E007CDAF1 /* PLAOrderViewController.swift */; };
		186C4CAE2C624F2D007CDAF1 /* PLAOrderView.swift in Sources */ = {isa = PBXBuildFile; fileRef = 186C4CAD2C624F2D007CDAF1 /* PLAOrderView.swift */; };
		186C4CB02C62662A007CDAF1 /* PLAOrderListViewController.swift in Sources */ = {isa = PBXBuildFile; fileRef = 186C4CAF2C62662A007CDAF1 /* PLAOrderListViewController.swift */; };
		186C4CB22C626BFD007CDAF1 /* PLAOrderListView.swift in Sources */ = {isa = PBXBuildFile; fileRef = 186C4CB12C626BFD007CDAF1 /* PLAOrderListView.swift */; };
		186C4CB42C626C81007CDAF1 /* PLAOrderListNormalCell.swift in Sources */ = {isa = PBXBuildFile; fileRef = 186C4CB32C626C81007CDAF1 /* PLAOrderListNormalCell.swift */; };
		186C4CB62C626C8D007CDAF1 /* PLAOrderListCell.swift in Sources */ = {isa = PBXBuildFile; fileRef = 186C4CB52C626C8D007CDAF1 /* PLAOrderListCell.swift */; };
		186C4CB82C6273FD007CDAF1 /* PLAEmptyView.swift in Sources */ = {isa = PBXBuildFile; fileRef = 186C4CB72C6273FD007CDAF1 /* PLAEmptyView.swift */; };
		186C4CBA2C6281D5007CDAF1 /* PLAAuThAbcController.swift in Sources */ = {isa = PBXBuildFile; fileRef = 186C4CB92C6281D5007CDAF1 /* PLAAuThAbcController.swift */; };
		186C4CBC2C628223007CDAF1 /* PLAAuthIdView.swift in Sources */ = {isa = PBXBuildFile; fileRef = 186C4CBB2C628223007CDAF1 /* PLAAuthIdView.swift */; };
		18982DF32C5E165A0036F819 /* AppDelegate.swift in Sources */ = {isa = PBXBuildFile; fileRef = 18982DF22C5E165A0036F819 /* AppDelegate.swift */; };
		18982DFC2C5E165B0036F819 /* Assets.xcassets in Resources */ = {isa = PBXBuildFile; fileRef = 18982DFB2C5E165B0036F819 /* Assets.xcassets */; };
		18982E0E2C5E17500036F819 /* DeviceInfo.swift in Sources */ = {isa = PBXBuildFile; fileRef = 18982E0D2C5E17500036F819 /* DeviceInfo.swift */; };
		18982E112C5E1BC70036F819 /* NetInfoManager.swift in Sources */ = {isa = PBXBuildFile; fileRef = 18982E102C5E1BC70036F819 /* NetInfoManager.swift */; };
		18982E152C5E263C0036F819 /* PLALaunchViewController.swift in Sources */ = {isa = PBXBuildFile; fileRef = 18982E142C5E263C0036F819 /* PLALaunchViewController.swift */; };
		18982E172C5E26C90036F819 /* PLANavigationController.swift in Sources */ = {isa = PBXBuildFile; fileRef = 18982E162C5E26C90036F819 /* PLANavigationController.swift */; };
		18982E192C5E27770036F819 /* LaunchScreen.storyboard in Resources */ = {isa = PBXBuildFile; fileRef = 18982E182C5E27770036F819 /* LaunchScreen.storyboard */; };
		18982E1B2C5E28890036F819 /* PLABaseViewController.swift in Sources */ = {isa = PBXBuildFile; fileRef = 18982E1A2C5E28890036F819 /* PLABaseViewController.swift */; };
		18982E1D2C5F4A9B0036F819 /* PLAAFNetWorkManager.swift in Sources */ = {isa = PBXBuildFile; fileRef = 18982E1C2C5F4A9B0036F819 /* PLAAFNetWorkManager.swift */; };
		18982E202C5F4B0E0036F819 /* TotalModel.swift in Sources */ = {isa = PBXBuildFile; fileRef = 18982E1F2C5F4B0E0036F819 /* TotalModel.swift */; };
		18982E222C5F4BC90036F819 /* PLALoginFactory.swift in Sources */ = {isa = PBXBuildFile; fileRef = 18982E212C5F4BC90036F819 /* PLALoginFactory.swift */; };
		18982E242C5F4E820036F819 /* PLALoginViewController.swift in Sources */ = {isa = PBXBuildFile; fileRef = 18982E232C5F4E820036F819 /* PLALoginViewController.swift */; };
		18982E262C5F4F670036F819 /* PLABaseConfig.swift in Sources */ = {isa = PBXBuildFile; fileRef = 18982E252C5F4F670036F819 /* PLABaseConfig.swift */; };
		18982E2A2C5FD5F50036F819 /* PLAHomeViewController.swift in Sources */ = {isa = PBXBuildFile; fileRef = 18982E292C5FD5F50036F819 /* PLAHomeViewController.swift */; };
		18982E2C2C5FD65E0036F819 /* PLACommonView.swift in Sources */ = {isa = PBXBuildFile; fileRef = 18982E2B2C5FD65E0036F819 /* PLACommonView.swift */; };
		18982E2E2C5FD7F90036F819 /* PLALoginView.swift in Sources */ = {isa = PBXBuildFile; fileRef = 18982E2D2C5FD7F90036F819 /* PLALoginView.swift */; };
		18982E312C5FDA8F0036F819 /* BlackFont.otf in Resources */ = {isa = PBXBuildFile; fileRef = 18982E302C5FDA8F0036F819 /* BlackFont.otf */; };
		18982E332C5FDB070036F819 /* RegularFont.otf in Resources */ = {isa = PBXBuildFile; fileRef = 18982E322C5FDB070036F819 /* RegularFont.otf */; };
		18982E3D2C61003A0036F819 /* loading.json in Resources */ = {isa = PBXBuildFile; fileRef = 18982E3C2C61003A0036F819 /* loading.json */; };
		18982E3F2C6106D60036F819 /* PLAHomeOneView.swift in Sources */ = {isa = PBXBuildFile; fileRef = 18982E3E2C6106D60036F819 /* PLAHomeOneView.swift */; };
		18982E432C6116A20036F819 /* JdgueConfig.swift in Sources */ = {isa = PBXBuildFile; fileRef = 18982E422C6116A20036F819 /* JdgueConfig.swift */; };
		18982E452C6120570036F819 /* PLALeftSideViewController.swift in Sources */ = {isa = PBXBuildFile; fileRef = 18982E442C6120570036F819 /* PLALeftSideViewController.swift */; };
		18982E492C6121BC0036F819 /* PLALeftSideView.swift in Sources */ = {isa = PBXBuildFile; fileRef = 18982E482C6121BC0036F819 /* PLALeftSideView.swift */; };
		18982E4B2C6127490036F819 /* PLAJianTouView.swift in Sources */ = {isa = PBXBuildFile; fileRef = 18982E4A2C6127490036F819 /* PLAJianTouView.swift */; };
		18A2BC942C64F68C00BB5DAE /* PLACollectionViewCell.swift in Sources */ = {isa = PBXBuildFile; fileRef = 18A2BC932C64F68C00BB5DAE /* PLACollectionViewCell.swift */; };
		18A2BC962C650B2900BB5DAE /* PLAPopPhotoView.swift in Sources */ = {isa = PBXBuildFile; fileRef = 18A2BC952C650B2900BB5DAE /* PLAPopPhotoView.swift */; };
		18A2BC982C65107800BB5DAE /* PLAPhotoManager.swift in Sources */ = {isa = PBXBuildFile; fileRef = 18A2BC972C65107800BB5DAE /* PLAPhotoManager.swift */; };
		7A111470DB6E396641AE5453 /* Pods_PesoAce.framework in Frameworks */ = {isa = PBXBuildFile; fileRef = CA7B7D9C7C765427C57192B0 /* Pods_PesoAce.framework */; };
/* End PBXBuildFile section */

/* Begin PBXFileReference section */
		186C4CA52C62479B007CDAF1 /* PLAFaceViewController.swift */ = {isa = PBXFileReference; lastKnownFileType = sourcecode.swift; path = PLAFaceViewController.swift; sourceTree = "<group>"; };
		186C4CA72C6247B8007CDAF1 /* PLAFaceView.swift */ = {isa = PBXFileReference; lastKnownFileType = sourcecode.swift; path = PLAFaceView.swift; sourceTree = "<group>"; };
		186C4CA92C624D3E007CDAF1 /* PLAOrderViewController.swift */ = {isa = PBXFileReference; lastKnownFileType = sourcecode.swift; path = PLAOrderViewController.swift; sourceTree = "<group>"; };
		186C4CAD2C624F2D007CDAF1 /* PLAOrderView.swift */ = {isa = PBXFileReference; lastKnownFileType = sourcecode.swift; path = PLAOrderView.swift; sourceTree = "<group>"; };
		186C4CAF2C62662A007CDAF1 /* PLAOrderListViewController.swift */ = {isa = PBXFileReference; lastKnownFileType = sourcecode.swift; path = PLAOrderListViewController.swift; sourceTree = "<group>"; };
		186C4CB12C626BFD007CDAF1 /* PLAOrderListView.swift */ = {isa = PBXFileReference; lastKnownFileType = sourcecode.swift; path = PLAOrderListView.swift; sourceTree = "<group>"; };
		186C4CB32C626C81007CDAF1 /* PLAOrderListNormalCell.swift */ = {isa = PBXFileReference; lastKnownFileType = sourcecode.swift; path = PLAOrderListNormalCell.swift; sourceTree = "<group>"; };
		186C4CB52C626C8D007CDAF1 /* PLAOrderListCell.swift */ = {isa = PBXFileReference; lastKnownFileType = sourcecode.swift; path = PLAOrderListCell.swift; sourceTree = "<group>"; };
		186C4CB72C6273FD007CDAF1 /* PLAEmptyView.swift */ = {isa = PBXFileReference; lastKnownFileType = sourcecode.swift; path = PLAEmptyView.swift; sourceTree = "<group>"; };
		186C4CB92C6281D5007CDAF1 /* PLAAuThAbcController.swift */ = {isa = PBXFileReference; lastKnownFileType = sourcecode.swift; path = PLAAuThAbcController.swift; sourceTree = "<group>"; };
		186C4CBB2C628223007CDAF1 /* PLAAuthIdView.swift */ = {isa = PBXFileReference; lastKnownFileType = sourcecode.swift; path = PLAAuthIdView.swift; sourceTree = "<group>"; };
		18982DEF2C5E165A0036F819 /* PesoAce.app */ = {isa = PBXFileReference; explicitFileType = wrapper.application; includeInIndex = 0; path = PesoAce.app; sourceTree = BUILT_PRODUCTS_DIR; };
		18982DF22C5E165A0036F819 /* AppDelegate.swift */ = {isa = PBXFileReference; lastKnownFileType = sourcecode.swift; path = AppDelegate.swift; sourceTree = "<group>"; };
		18982DFB2C5E165B0036F819 /* Assets.xcassets */ = {isa = PBXFileReference; lastKnownFileType = folder.assetcatalog; path = Assets.xcassets; sourceTree = "<group>"; };
		18982E002C5E165B0036F819 /* Info.plist */ = {isa = PBXFileReference; lastKnownFileType = text.plist.xml; path = Info.plist; sourceTree = "<group>"; };
		18982E0D2C5E17500036F819 /* DeviceInfo.swift */ = {isa = PBXFileReference; lastKnownFileType = sourcecode.swift; path = DeviceInfo.swift; sourceTree = "<group>"; };
		18982E102C5E1BC70036F819 /* NetInfoManager.swift */ = {isa = PBXFileReference; lastKnownFileType = sourcecode.swift; path = NetInfoManager.swift; sourceTree = "<group>"; };
		18982E122C5E1F5B0036F819 /* PesoAce.entitlements */ = {isa = PBXFileReference; lastKnownFileType = text.plist.entitlements; path = PesoAce.entitlements; sourceTree = "<group>"; };
		18982E142C5E263C0036F819 /* PLALaunchViewController.swift */ = {isa = PBXFileReference; lastKnownFileType = sourcecode.swift; path = PLALaunchViewController.swift; sourceTree = "<group>"; };
		18982E162C5E26C90036F819 /* PLANavigationController.swift */ = {isa = PBXFileReference; lastKnownFileType = sourcecode.swift; path = PLANavigationController.swift; sourceTree = "<group>"; };
		18982E182C5E27770036F819 /* LaunchScreen.storyboard */ = {isa = PBXFileReference; lastKnownFileType = file.storyboard; path = LaunchScreen.storyboard; sourceTree = "<group>"; };
		18982E1A2C5E28890036F819 /* PLABaseViewController.swift */ = {isa = PBXFileReference; lastKnownFileType = sourcecode.swift; path = PLABaseViewController.swift; sourceTree = "<group>"; };
		18982E1C2C5F4A9B0036F819 /* PLAAFNetWorkManager.swift */ = {isa = PBXFileReference; lastKnownFileType = sourcecode.swift; path = PLAAFNetWorkManager.swift; sourceTree = "<group>"; };
		18982E1F2C5F4B0E0036F819 /* TotalModel.swift */ = {isa = PBXFileReference; lastKnownFileType = sourcecode.swift; path = TotalModel.swift; sourceTree = "<group>"; };
		18982E212C5F4BC90036F819 /* PLALoginFactory.swift */ = {isa = PBXFileReference; lastKnownFileType = sourcecode.swift; path = PLALoginFactory.swift; sourceTree = "<group>"; };
		18982E232C5F4E820036F819 /* PLALoginViewController.swift */ = {isa = PBXFileReference; lastKnownFileType = sourcecode.swift; path = PLALoginViewController.swift; sourceTree = "<group>"; };
		18982E252C5F4F670036F819 /* PLABaseConfig.swift */ = {isa = PBXFileReference; lastKnownFileType = sourcecode.swift; path = PLABaseConfig.swift; sourceTree = "<group>"; };
		18982E292C5FD5F50036F819 /* PLAHomeViewController.swift */ = {isa = PBXFileReference; lastKnownFileType = sourcecode.swift; path = PLAHomeViewController.swift; sourceTree = "<group>"; };
		18982E2B2C5FD65E0036F819 /* PLACommonView.swift */ = {isa = PBXFileReference; lastKnownFileType = sourcecode.swift; path = PLACommonView.swift; sourceTree = "<group>"; };
		18982E2D2C5FD7F90036F819 /* PLALoginView.swift */ = {isa = PBXFileReference; lastKnownFileType = sourcecode.swift; path = PLALoginView.swift; sourceTree = "<group>"; };
		18982E302C5FDA8F0036F819 /* BlackFont.otf */ = {isa = PBXFileReference; lastKnownFileType = file; path = BlackFont.otf; sourceTree = "<group>"; };
		18982E322C5FDB070036F819 /* RegularFont.otf */ = {isa = PBXFileReference; lastKnownFileType = file; path = RegularFont.otf; sourceTree = "<group>"; };
		18982E3C2C61003A0036F819 /* loading.json */ = {isa = PBXFileReference; fileEncoding = 4; lastKnownFileType = text.json; path = loading.json; sourceTree = "<group>"; };
		18982E3E2C6106D60036F819 /* PLAHomeOneView.swift */ = {isa = PBXFileReference; lastKnownFileType = sourcecode.swift; path = PLAHomeOneView.swift; sourceTree = "<group>"; };
		18982E422C6116A20036F819 /* JdgueConfig.swift */ = {isa = PBXFileReference; fileEncoding = 4; lastKnownFileType = sourcecode.swift; path = JdgueConfig.swift; sourceTree = "<group>"; };
		18982E442C6120570036F819 /* PLALeftSideViewController.swift */ = {isa = PBXFileReference; lastKnownFileType = sourcecode.swift; path = PLALeftSideViewController.swift; sourceTree = "<group>"; };
		18982E482C6121BC0036F819 /* PLALeftSideView.swift */ = {isa = PBXFileReference; lastKnownFileType = sourcecode.swift; path = PLALeftSideView.swift; sourceTree = "<group>"; };
		18982E4A2C6127490036F819 /* PLAJianTouView.swift */ = {isa = PBXFileReference; lastKnownFileType = sourcecode.swift; path = PLAJianTouView.swift; sourceTree = "<group>"; };
		18A2BC932C64F68C00BB5DAE /* PLACollectionViewCell.swift */ = {isa = PBXFileReference; lastKnownFileType = sourcecode.swift; path = PLACollectionViewCell.swift; sourceTree = "<group>"; };
		18A2BC952C650B2900BB5DAE /* PLAPopPhotoView.swift */ = {isa = PBXFileReference; lastKnownFileType = sourcecode.swift; path = PLAPopPhotoView.swift; sourceTree = "<group>"; };
		18A2BC972C65107800BB5DAE /* PLAPhotoManager.swift */ = {isa = PBXFileReference; fileEncoding = 4; lastKnownFileType = sourcecode.swift; path = PLAPhotoManager.swift; sourceTree = "<group>"; };
		28450693720077835F00ECDB /* Pods-PesoAce.debug.xcconfig */ = {isa = PBXFileReference; includeInIndex = 1; lastKnownFileType = text.xcconfig; name = "Pods-PesoAce.debug.xcconfig"; path = "Target Support Files/Pods-PesoAce/Pods-PesoAce.debug.xcconfig"; sourceTree = "<group>"; };
		5DBA2829A6F9E91179DC6C59 /* Pods-PesoAce.release.xcconfig */ = {isa = PBXFileReference; includeInIndex = 1; lastKnownFileType = text.xcconfig; name = "Pods-PesoAce.release.xcconfig"; path = "Target Support Files/Pods-PesoAce/Pods-PesoAce.release.xcconfig"; sourceTree = "<group>"; };
		CA7B7D9C7C765427C57192B0 /* Pods_PesoAce.framework */ = {isa = PBXFileReference; explicitFileType = wrapper.framework; includeInIndex = 0; path = Pods_PesoAce.framework; sourceTree = BUILT_PRODUCTS_DIR; };
/* End PBXFileReference section */

/* Begin PBXFrameworksBuildPhase section */
		18982DEC2C5E165A0036F819 /* Frameworks */ = {
			isa = PBXFrameworksBuildPhase;
			buildActionMask = 2147483647;
			files = (
				7A111470DB6E396641AE5453 /* Pods_PesoAce.framework in Frameworks */,
			);
			runOnlyForDeploymentPostprocessing = 0;
		};
/* End PBXFrameworksBuildPhase section */

/* Begin PBXGroup section */
		186C4CA22C624764007CDAF1 /* Auth */ = {
			isa = PBXGroup;
			children = (
				186C4CA32C62477B007CDAF1 /* View */,
				186C4CA42C624780007CDAF1 /* Controller */,
			);
			path = Auth;
			sourceTree = "<group>";
		};
		186C4CA32C62477B007CDAF1 /* View */ = {
			isa = PBXGroup;
			children = (
				18A2BC972C65107800BB5DAE /* PLAPhotoManager.swift */,
				186C4CA72C6247B8007CDAF1 /* PLAFaceView.swift */,
				186C4CBB2C628223007CDAF1 /* PLAAuthIdView.swift */,
				18A2BC932C64F68C00BB5DAE /* PLACollectionViewCell.swift */,
				18A2BC952C650B2900BB5DAE /* PLAPopPhotoView.swift */,
			);
			path = View;
			sourceTree = "<group>";
		};
		186C4CA42C624780007CDAF1 /* Controller */ = {
			isa = PBXGroup;
			children = (
				186C4CB92C6281D5007CDAF1 /* PLAAuThAbcController.swift */,
				186C4CA52C62479B007CDAF1 /* PLAFaceViewController.swift */,
			);
			path = Controller;
			sourceTree = "<group>";
		};
		186C4CAB2C624F10007CDAF1 /* Controller */ = {
			isa = PBXGroup;
			children = (
				186C4CA92C624D3E007CDAF1 /* PLAOrderViewController.swift */,
				186C4CAF2C62662A007CDAF1 /* PLAOrderListViewController.swift */,
			);
			path = Controller;
			sourceTree = "<group>";
		};
		186C4CAC2C624F12007CDAF1 /* View */ = {
			isa = PBXGroup;
			children = (
				186C4CB72C6273FD007CDAF1 /* PLAEmptyView.swift */,
				186C4CAD2C624F2D007CDAF1 /* PLAOrderView.swift */,
				186C4CB12C626BFD007CDAF1 /* PLAOrderListView.swift */,
				186C4CB52C626C8D007CDAF1 /* PLAOrderListCell.swift */,
				186C4CB32C626C81007CDAF1 /* PLAOrderListNormalCell.swift */,
			);
			path = View;
			sourceTree = "<group>";
		};
		18982DE62C5E165A0036F819 = {
			isa = PBXGroup;
			children = (
				18982DF12C5E165A0036F819 /* PesoAce */,
				18982DF02C5E165A0036F819 /* Products */,
				75B4ED139F3B6C262ED2A9C1 /* Pods */,
				3074FF24BAC873EAF461498A /* Frameworks */,
			);
			sourceTree = "<group>";
		};
		18982DF02C5E165A0036F819 /* Products */ = {
			isa = PBXGroup;
			children = (
				18982DEF2C5E165A0036F819 /* PesoAce.app */,
			);
			name = Products;
			sourceTree = "<group>";
		};
		18982DF12C5E165A0036F819 /* PesoAce */ = {
			isa = PBXGroup;
			children = (
				18982E002C5E165B0036F819 /* Info.plist */,
				18982E122C5E1F5B0036F819 /* PesoAce.entitlements */,
				18982DFB2C5E165B0036F819 /* Assets.xcassets */,
				18982E062C5E169D0036F819 /* Main */,
				18982E0A2C5E16D70036F819 /* Login */,
				186C4CA22C624764007CDAF1 /* Auth */,
				18982E092C5E16CB0036F819 /* Order */,
				18982E082C5E16C50036F819 /* Profile */,
				18982E072C5E16C10036F819 /* Home */,
				18982E132C5E261E0036F819 /* LaunchVc */,
				18982E0B2C5E16E40036F819 /* Base */,
			);
			path = PesoAce;
			sourceTree = "<group>";
		};
		18982E062C5E169D0036F819 /* Main */ = {
			isa = PBXGroup;
			children = (
				18982DF22C5E165A0036F819 /* AppDelegate.swift */,
				18982E182C5E27770036F819 /* LaunchScreen.storyboard */,
			);
			path = Main;
			sourceTree = "<group>";
		};
		18982E072C5E16C10036F819 /* Home */ = {
			isa = PBXGroup;
			children = (
				18982E472C6121AC0036F819 /* View */,
				18982E462C6121A30036F819 /* Controller */,
			);
			path = Home;
			sourceTree = "<group>";
		};
		18982E082C5E16C50036F819 /* Profile */ = {
			isa = PBXGroup;
			children = (
			);
			path = Profile;
			sourceTree = "<group>";
		};
		18982E092C5E16CB0036F819 /* Order */ = {
			isa = PBXGroup;
			children = (
				186C4CAC2C624F12007CDAF1 /* View */,
				186C4CAB2C624F10007CDAF1 /* Controller */,
			);
			path = Order;
			sourceTree = "<group>";
		};
		18982E0A2C5E16D70036F819 /* Login */ = {
			isa = PBXGroup;
			children = (
				18982E2D2C5FD7F90036F819 /* PLALoginView.swift */,
				18982E232C5F4E820036F819 /* PLALoginViewController.swift */,
			);
			path = Login;
			sourceTree = "<group>";
		};
		18982E0B2C5E16E40036F819 /* Base */ = {
			isa = PBXGroup;
			children = (
				18982E2F2C5FDA810036F819 /* Fonts */,
				18982E1E2C5F4AFC0036F819 /* Model */,
				18982E0C2C5E17240036F819 /* PLADeviceInfo */,
				18982E0F2C5E1B9F0036F819 /* PLANetWorkInfo */,
			);
			path = Base;
			sourceTree = "<group>";
		};
		18982E0C2C5E17240036F819 /* PLADeviceInfo */ = {
			isa = PBXGroup;
			children = (
				18982E3C2C61003A0036F819 /* loading.json */,
				18982E0D2C5E17500036F819 /* DeviceInfo.swift */,
				18982E212C5F4BC90036F819 /* PLALoginFactory.swift */,
				18982E252C5F4F670036F819 /* PLABaseConfig.swift */,
				18982E422C6116A20036F819 /* JdgueConfig.swift */,
			);
			path = PLADeviceInfo;
			sourceTree = "<group>";
		};
		18982E0F2C5E1B9F0036F819 /* PLANetWorkInfo */ = {
			isa = PBXGroup;
			children = (
				18982E102C5E1BC70036F819 /* NetInfoManager.swift */,
				18982E1C2C5F4A9B0036F819 /* PLAAFNetWorkManager.swift */,
			);
			path = PLANetWorkInfo;
			sourceTree = "<group>";
		};
		18982E132C5E261E0036F819 /* LaunchVc */ = {
			isa = PBXGroup;
			children = (
				18982E2B2C5FD65E0036F819 /* PLACommonView.swift */,
				18982E142C5E263C0036F819 /* PLALaunchViewController.swift */,
				18982E162C5E26C90036F819 /* PLANavigationController.swift */,
				18982E1A2C5E28890036F819 /* PLABaseViewController.swift */,
			);
			path = LaunchVc;
			sourceTree = "<group>";
		};
		18982E1E2C5F4AFC0036F819 /* Model */ = {
			isa = PBXGroup;
			children = (
				18982E1F2C5F4B0E0036F819 /* TotalModel.swift */,
			);
			path = Model;
			sourceTree = "<group>";
		};
		18982E2F2C5FDA810036F819 /* Fonts */ = {
			isa = PBXGroup;
			children = (
				18982E302C5FDA8F0036F819 /* BlackFont.otf */,
				18982E322C5FDB070036F819 /* RegularFont.otf */,
			);
			path = Fonts;
			sourceTree = "<group>";
		};
		18982E462C6121A30036F819 /* Controller */ = {
			isa = PBXGroup;
			children = (
				18982E292C5FD5F50036F819 /* PLAHomeViewController.swift */,
				18982E442C6120570036F819 /* PLALeftSideViewController.swift */,
			);
			path = Controller;
			sourceTree = "<group>";
		};
		18982E472C6121AC0036F819 /* View */ = {
			isa = PBXGroup;
			children = (
				18982E3E2C6106D60036F819 /* PLAHomeOneView.swift */,
				18982E4A2C6127490036F819 /* PLAJianTouView.swift */,
				18982E482C6121BC0036F819 /* PLALeftSideView.swift */,
			);
			path = View;
			sourceTree = "<group>";
		};
		3074FF24BAC873EAF461498A /* Frameworks */ = {
			isa = PBXGroup;
			children = (
				CA7B7D9C7C765427C57192B0 /* Pods_PesoAce.framework */,
			);
			name = Frameworks;
			sourceTree = "<group>";
		};
		75B4ED139F3B6C262ED2A9C1 /* Pods */ = {
			isa = PBXGroup;
			children = (
				28450693720077835F00ECDB /* Pods-PesoAce.debug.xcconfig */,
				5DBA2829A6F9E91179DC6C59 /* Pods-PesoAce.release.xcconfig */,
			);
			path = Pods;
			sourceTree = "<group>";
		};
/* End PBXGroup section */

/* Begin PBXNativeTarget section */
		18982DEE2C5E165A0036F819 /* PesoAce */ = {
			isa = PBXNativeTarget;
			buildConfigurationList = 18982E032C5E165B0036F819 /* Build configuration list for PBXNativeTarget "PesoAce" */;
			buildPhases = (
				EFCD18D7FFEC98183496A6A4 /* [CP] Check Pods Manifest.lock */,
				18982DEB2C5E165A0036F819 /* Sources */,
				18982DEC2C5E165A0036F819 /* Frameworks */,
				18982DED2C5E165A0036F819 /* Resources */,
				A9B3FC957ACF1B7C5C1CC095 /* [CP] Embed Pods Frameworks */,
			);
			buildRules = (
			);
			dependencies = (
			);
			name = PesoAce;
			productName = PesoAce;
			productReference = 18982DEF2C5E165A0036F819 /* PesoAce.app */;
			productType = "com.apple.product-type.application";
		};
/* End PBXNativeTarget section */

/* Begin PBXProject section */
		18982DE72C5E165A0036F819 /* Project object */ = {
			isa = PBXProject;
			attributes = {
				BuildIndependentTargetsInParallel = 1;
				CLASSPREFIX = PLA;
				LastSwiftUpdateCheck = 1540;
				LastUpgradeCheck = 1540;
				TargetAttributes = {
					18982DEE2C5E165A0036F819 = {
						CreatedOnToolsVersion = 15.4;
					};
				};
			};
			buildConfigurationList = 18982DEA2C5E165A0036F819 /* Build configuration list for PBXProject "PesoAce" */;
			compatibilityVersion = "Xcode 14.0";
			developmentRegion = en;
			hasScannedForEncodings = 0;
			knownRegions = (
				en,
				Base,
			);
			mainGroup = 18982DE62C5E165A0036F819;
			productRefGroup = 18982DF02C5E165A0036F819 /* Products */;
			projectDirPath = "";
			projectRoot = "";
			targets = (
				18982DEE2C5E165A0036F819 /* PesoAce */,
			);
		};
/* End PBXProject section */

/* Begin PBXResourcesBuildPhase section */
		18982DED2C5E165A0036F819 /* Resources */ = {
			isa = PBXResourcesBuildPhase;
			buildActionMask = 2147483647;
			files = (
				18982DFC2C5E165B0036F819 /* Assets.xcassets in Resources */,
				18982E192C5E27770036F819 /* LaunchScreen.storyboard in Resources */,
				18982E312C5FDA8F0036F819 /* BlackFont.otf in Resources */,
				18982E332C5FDB070036F819 /* RegularFont.otf in Resources */,
				18982E3D2C61003A0036F819 /* loading.json in Resources */,
			);
			runOnlyForDeploymentPostprocessing = 0;
		};
/* End PBXResourcesBuildPhase section */

/* Begin PBXShellScriptBuildPhase section */
		A9B3FC957ACF1B7C5C1CC095 /* [CP] Embed Pods Frameworks */ = {
			isa = PBXShellScriptBuildPhase;
			buildActionMask = 2147483647;
			files = (
			);
			inputFileListPaths = (
				"${PODS_ROOT}/Target Support Files/Pods-PesoAce/Pods-PesoAce-frameworks-${CONFIGURATION}-input-files.xcfilelist",
			);
			name = "[CP] Embed Pods Frameworks";
			outputFileListPaths = (
				"${PODS_ROOT}/Target Support Files/Pods-PesoAce/Pods-PesoAce-frameworks-${CONFIGURATION}-output-files.xcfilelist",
			);
			runOnlyForDeploymentPostprocessing = 0;
			shellPath = /bin/sh;
			shellScript = "\"${PODS_ROOT}/Target Support Files/Pods-PesoAce/Pods-PesoAce-frameworks.sh\"\n";
			showEnvVarsInLog = 0;
		};
		EFCD18D7FFEC98183496A6A4 /* [CP] Check Pods Manifest.lock */ = {
			isa = PBXShellScriptBuildPhase;
			buildActionMask = 2147483647;
			files = (
			);
			inputFileListPaths = (
			);
			inputPaths = (
				"${PODS_PODFILE_DIR_PATH}/Podfile.lock",
				"${PODS_ROOT}/Manifest.lock",
			);
			name = "[CP] Check Pods Manifest.lock";
			outputFileListPaths = (
			);
			outputPaths = (
				"$(DERIVED_FILE_DIR)/Pods-PesoAce-checkManifestLockResult.txt",
			);
			runOnlyForDeploymentPostprocessing = 0;
			shellPath = /bin/sh;
			shellScript = "diff \"${PODS_PODFILE_DIR_PATH}/Podfile.lock\" \"${PODS_ROOT}/Manifest.lock\" > /dev/null\nif [ $? != 0 ] ; then\n    # print error to STDERR\n    echo \"error: The sandbox is not in sync with the Podfile.lock. Run 'pod install' or update your CocoaPods installation.\" >&2\n    exit 1\nfi\n# This output is used by Xcode 'outputs' to avoid re-running this script phase.\necho \"SUCCESS\" > \"${SCRIPT_OUTPUT_FILE_0}\"\n";
			showEnvVarsInLog = 0;
		};
/* End PBXShellScriptBuildPhase section */

/* Begin PBXSourcesBuildPhase section */
		18982DEB2C5E165A0036F819 /* Sources */ = {
			isa = PBXSourcesBuildPhase;
			buildActionMask = 2147483647;
			files = (
				18982E242C5F4E820036F819 /* PLALoginViewController.swift in Sources */,
				18A2BC962C650B2900BB5DAE /* PLAPopPhotoView.swift in Sources */,
				186C4CAA2C624D3E007CDAF1 /* PLAOrderViewController.swift in Sources */,
				18982E432C6116A20036F819 /* JdgueConfig.swift in Sources */,
				18982E202C5F4B0E0036F819 /* TotalModel.swift in Sources */,
				18982E2C2C5FD65E0036F819 /* PLACommonView.swift in Sources */,
				18982DF32C5E165A0036F819 /* AppDelegate.swift in Sources */,
				186C4CB02C62662A007CDAF1 /* PLAOrderListViewController.swift in Sources */,
				186C4CA62C62479B007CDAF1 /* PLAFaceViewController.swift in Sources */,
				186C4CA82C6247B8007CDAF1 /* PLAFaceView.swift in Sources */,
				18982E3F2C6106D60036F819 /* PLAHomeOneView.swift in Sources */,
				18982E2A2C5FD5F50036F819 /* PLAHomeViewController.swift in Sources */,
				18982E262C5F4F670036F819 /* PLABaseConfig.swift in Sources */,
				186C4CB82C6273FD007CDAF1 /* PLAEmptyView.swift in Sources */,
				186C4CBC2C628223007CDAF1 /* PLAAuthIdView.swift in Sources */,
				18982E222C5F4BC90036F819 /* PLALoginFactory.swift in Sources */,
				18982E4B2C6127490036F819 /* PLAJianTouView.swift in Sources */,
				18A2BC942C64F68C00BB5DAE /* PLACollectionViewCell.swift in Sources */,
				18982E0E2C5E17500036F819 /* DeviceInfo.swift in Sources */,
				18982E112C5E1BC70036F819 /* NetInfoManager.swift in Sources */,
				18982E152C5E263C0036F819 /* PLALaunchViewController.swift in Sources */,
				18982E492C6121BC0036F819 /* PLALeftSideView.swift in Sources */,
				18982E2E2C5FD7F90036F819 /* PLALoginView.swift in Sources */,
				18982E172C5E26C90036F819 /* PLANavigationController.swift in Sources */,
				18A2BC982C65107800BB5DAE /* PLAPhotoManager.swift in Sources */,
				186C4CB22C626BFD007CDAF1 /* PLAOrderListView.swift in Sources */,
				18982E1D2C5F4A9B0036F819 /* PLAAFNetWorkManager.swift in Sources */,
				18982E452C6120570036F819 /* PLALeftSideViewController.swift in Sources */,
				186C4CB42C626C81007CDAF1 /* PLAOrderListNormalCell.swift in Sources */,
				18982E1B2C5E28890036F819 /* PLABaseViewController.swift in Sources */,
				186C4CBA2C6281D5007CDAF1 /* PLAAuThAbcController.swift in Sources */,
				186C4CAE2C624F2D007CDAF1 /* PLAOrderView.swift in Sources */,
				186C4CB62C626C8D007CDAF1 /* PLAOrderListCell.swift in Sources */,
			);
			runOnlyForDeploymentPostprocessing = 0;
		};
/* End PBXSourcesBuildPhase section */

/* Begin XCBuildConfiguration section */
		18982E012C5E165B0036F819 /* Debug */ = {
			isa = XCBuildConfiguration;
			buildSettings = {
				ALWAYS_SEARCH_USER_PATHS = NO;
				ASSETCATALOG_COMPILER_GENERATE_SWIFT_ASSET_SYMBOL_EXTENSIONS = YES;
				CLANG_ANALYZER_NONNULL = YES;
				CLANG_ANALYZER_NUMBER_OBJECT_CONVERSION = YES_AGGRESSIVE;
				CLANG_CXX_LANGUAGE_STANDARD = "gnu++20";
				CLANG_ENABLE_MODULES = YES;
				CLANG_ENABLE_OBJC_ARC = YES;
				CLANG_ENABLE_OBJC_WEAK = YES;
				CLANG_WARN_BLOCK_CAPTURE_AUTORELEASING = YES;
				CLANG_WARN_BOOL_CONVERSION = YES;
				CLANG_WARN_COMMA = YES;
				CLANG_WARN_CONSTANT_CONVERSION = YES;
				CLANG_WARN_DEPRECATED_OBJC_IMPLEMENTATIONS = YES;
				CLANG_WARN_DIRECT_OBJC_ISA_USAGE = YES_ERROR;
				CLANG_WARN_DOCUMENTATION_COMMENTS = YES;
				CLANG_WARN_EMPTY_BODY = YES;
				CLANG_WARN_ENUM_CONVERSION = YES;
				CLANG_WARN_INFINITE_RECURSION = YES;
				CLANG_WARN_INT_CONVERSION = YES;
				CLANG_WARN_NON_LITERAL_NULL_CONVERSION = YES;
				CLANG_WARN_OBJC_IMPLICIT_RETAIN_SELF = YES;
				CLANG_WARN_OBJC_LITERAL_CONVERSION = YES;
				CLANG_WARN_OBJC_ROOT_CLASS = YES_ERROR;
				CLANG_WARN_QUOTED_INCLUDE_IN_FRAMEWORK_HEADER = YES;
				CLANG_WARN_RANGE_LOOP_ANALYSIS = YES;
				CLANG_WARN_STRICT_PROTOTYPES = YES;
				CLANG_WARN_SUSPICIOUS_MOVE = YES;
				CLANG_WARN_UNGUARDED_AVAILABILITY = YES_AGGRESSIVE;
				CLANG_WARN_UNREACHABLE_CODE = YES;
				CLANG_WARN__DUPLICATE_METHOD_MATCH = YES;
				COPY_PHASE_STRIP = NO;
				DEBUG_INFORMATION_FORMAT = dwarf;
				ENABLE_STRICT_OBJC_MSGSEND = YES;
				ENABLE_TESTABILITY = YES;
				ENABLE_USER_SCRIPT_SANDBOXING = YES;
				GCC_C_LANGUAGE_STANDARD = gnu17;
				GCC_DYNAMIC_NO_PIC = NO;
				GCC_NO_COMMON_BLOCKS = YES;
				GCC_OPTIMIZATION_LEVEL = 0;
				GCC_PREPROCESSOR_DEFINITIONS = (
					"DEBUG=1",
					"$(inherited)",
				);
				GCC_WARN_64_TO_32_BIT_CONVERSION = YES;
				GCC_WARN_ABOUT_RETURN_TYPE = YES_ERROR;
				GCC_WARN_UNDECLARED_SELECTOR = YES;
				GCC_WARN_UNINITIALIZED_AUTOS = YES_AGGRESSIVE;
				GCC_WARN_UNUSED_FUNCTION = YES;
				GCC_WARN_UNUSED_VARIABLE = YES;
				IPHONEOS_DEPLOYMENT_TARGET = 17.5;
				LOCALIZATION_PREFERS_STRING_CATALOGS = YES;
				MTL_ENABLE_DEBUG_INFO = INCLUDE_SOURCE;
				MTL_FAST_MATH = YES;
				ONLY_ACTIVE_ARCH = YES;
				SDKROOT = iphoneos;
				SWIFT_ACTIVE_COMPILATION_CONDITIONS = "DEBUG $(inherited)";
				SWIFT_OPTIMIZATION_LEVEL = "-Onone";
			};
			name = Debug;
		};
		18982E022C5E165B0036F819 /* Release */ = {
			isa = XCBuildConfiguration;
			buildSettings = {
				ALWAYS_SEARCH_USER_PATHS = NO;
				ASSETCATALOG_COMPILER_GENERATE_SWIFT_ASSET_SYMBOL_EXTENSIONS = YES;
				CLANG_ANALYZER_NONNULL = YES;
				CLANG_ANALYZER_NUMBER_OBJECT_CONVERSION = YES_AGGRESSIVE;
				CLANG_CXX_LANGUAGE_STANDARD = "gnu++20";
				CLANG_ENABLE_MODULES = YES;
				CLANG_ENABLE_OBJC_ARC = YES;
				CLANG_ENABLE_OBJC_WEAK = YES;
				CLANG_WARN_BLOCK_CAPTURE_AUTORELEASING = YES;
				CLANG_WARN_BOOL_CONVERSION = YES;
				CLANG_WARN_COMMA = YES;
				CLANG_WARN_CONSTANT_CONVERSION = YES;
				CLANG_WARN_DEPRECATED_OBJC_IMPLEMENTATIONS = YES;
				CLANG_WARN_DIRECT_OBJC_ISA_USAGE = YES_ERROR;
				CLANG_WARN_DOCUMENTATION_COMMENTS = YES;
				CLANG_WARN_EMPTY_BODY = YES;
				CLANG_WARN_ENUM_CONVERSION = YES;
				CLANG_WARN_INFINITE_RECURSION = YES;
				CLANG_WARN_INT_CONVERSION = YES;
				CLANG_WARN_NON_LITERAL_NULL_CONVERSION = YES;
				CLANG_WARN_OBJC_IMPLICIT_RETAIN_SELF = YES;
				CLANG_WARN_OBJC_LITERAL_CONVERSION = YES;
				CLANG_WARN_OBJC_ROOT_CLASS = YES_ERROR;
				CLANG_WARN_QUOTED_INCLUDE_IN_FRAMEWORK_HEADER = YES;
				CLANG_WARN_RANGE_LOOP_ANALYSIS = YES;
				CLANG_WARN_STRICT_PROTOTYPES = YES;
				CLANG_WARN_SUSPICIOUS_MOVE = YES;
				CLANG_WARN_UNGUARDED_AVAILABILITY = YES_AGGRESSIVE;
				CLANG_WARN_UNREACHABLE_CODE = YES;
				CLANG_WARN__DUPLICATE_METHOD_MATCH = YES;
				COPY_PHASE_STRIP = NO;
				DEBUG_INFORMATION_FORMAT = "dwarf-with-dsym";
				ENABLE_NS_ASSERTIONS = NO;
				ENABLE_STRICT_OBJC_MSGSEND = YES;
				ENABLE_USER_SCRIPT_SANDBOXING = YES;
				GCC_C_LANGUAGE_STANDARD = gnu17;
				GCC_NO_COMMON_BLOCKS = YES;
				GCC_WARN_64_TO_32_BIT_CONVERSION = YES;
				GCC_WARN_ABOUT_RETURN_TYPE = YES_ERROR;
				GCC_WARN_UNDECLARED_SELECTOR = YES;
				GCC_WARN_UNINITIALIZED_AUTOS = YES_AGGRESSIVE;
				GCC_WARN_UNUSED_FUNCTION = YES;
				GCC_WARN_UNUSED_VARIABLE = YES;
				IPHONEOS_DEPLOYMENT_TARGET = 17.5;
				LOCALIZATION_PREFERS_STRING_CATALOGS = YES;
				MTL_ENABLE_DEBUG_INFO = NO;
				MTL_FAST_MATH = YES;
				SDKROOT = iphoneos;
				SWIFT_COMPILATION_MODE = wholemodule;
				VALIDATE_PRODUCT = YES;
			};
			name = Release;
		};
		18982E042C5E165B0036F819 /* Debug */ = {
			isa = XCBuildConfiguration;
			baseConfigurationReference = 28450693720077835F00ECDB /* Pods-PesoAce.debug.xcconfig */;
			buildSettings = {
				ASSETCATALOG_COMPILER_APPICON_NAME = AppIcon;
				ASSETCATALOG_COMPILER_GLOBAL_ACCENT_COLOR_NAME = AccentColor;
				CODE_SIGN_ENTITLEMENTS = PesoAce/PesoAce.entitlements;
				"CODE_SIGN_IDENTITY[sdk=iphoneos*]" = "iPhone Developer";
				CODE_SIGN_STYLE = Manual;
				CURRENT_PROJECT_VERSION = 1;
				DEVELOPMENT_TEAM = "";
				"DEVELOPMENT_TEAM[sdk=iphoneos*]" = 2F6XZMZ52M;
				ENABLE_USER_SCRIPT_SANDBOXING = NO;
				GENERATE_INFOPLIST_FILE = YES;
				INFOPLIST_FILE = PesoAce/Info.plist;
				INFOPLIST_KEY_UIApplicationSupportsIndirectInputEvents = YES;
				INFOPLIST_KEY_UILaunchStoryboardName = LaunchScreen.storyboard;
				INFOPLIST_KEY_UISupportedInterfaceOrientations = UIInterfaceOrientationPortrait;
				INFOPLIST_KEY_UISupportedInterfaceOrientations_iPad = "UIInterfaceOrientationLandscapeLeft UIInterfaceOrientationLandscapeRight UIInterfaceOrientationPortrait UIInterfaceOrientationPortraitUpsideDown";
				IPHONEOS_DEPLOYMENT_TARGET = 13.0;
				LD_RUNPATH_SEARCH_PATHS = (
					"$(inherited)",
					"@executable_path/Frameworks",
				);
				MARKETING_VERSION = 1.0.0;
				PRODUCT_BUNDLE_IDENTIFIER = com.testph.first;
				PRODUCT_NAME = "$(TARGET_NAME)";
				PROVISIONING_PROFILE_SPECIFIER = "";
				"PROVISIONING_PROFILE_SPECIFIER[sdk=iphoneos*]" = "Test PH1";
				SUPPORTED_PLATFORMS = "iphoneos iphonesimulator";
				SUPPORTS_MACCATALYST = NO;
				SUPPORTS_MAC_DESIGNED_FOR_IPHONE_IPAD = NO;
				SUPPORTS_XR_DESIGNED_FOR_IPHONE_IPAD = NO;
				SWIFT_EMIT_LOC_STRINGS = YES;
				SWIFT_VERSION = 5.0;
				TARGETED_DEVICE_FAMILY = 1;
			};
			name = Debug;
		};
		18982E052C5E165B0036F819 /* Release */ = {
			isa = XCBuildConfiguration;
			baseConfigurationReference = 5DBA2829A6F9E91179DC6C59 /* Pods-PesoAce.release.xcconfig */;
			buildSettings = {
				ASSETCATALOG_COMPILER_APPICON_NAME = AppIcon;
				ASSETCATALOG_COMPILER_GLOBAL_ACCENT_COLOR_NAME = AccentColor;
				CODE_SIGN_ENTITLEMENTS = PesoAce/PesoAce.entitlements;
				"CODE_SIGN_IDENTITY[sdk=iphoneos*]" = "iPhone Developer";
				CODE_SIGN_STYLE = Manual;
				CURRENT_PROJECT_VERSION = 1;
				DEVELOPMENT_TEAM = "";
				"DEVELOPMENT_TEAM[sdk=iphoneos*]" = 2F6XZMZ52M;
				ENABLE_USER_SCRIPT_SANDBOXING = NO;
				GENERATE_INFOPLIST_FILE = YES;
				INFOPLIST_FILE = PesoAce/Info.plist;
				INFOPLIST_KEY_UIApplicationSupportsIndirectInputEvents = YES;
				INFOPLIST_KEY_UILaunchStoryboardName = LaunchScreen.storyboard;
				INFOPLIST_KEY_UISupportedInterfaceOrientations = UIInterfaceOrientationPortrait;
				INFOPLIST_KEY_UISupportedInterfaceOrientations_iPad = "UIInterfaceOrientationLandscapeLeft UIInterfaceOrientationLandscapeRight UIInterfaceOrientationPortrait UIInterfaceOrientationPortraitUpsideDown";
				IPHONEOS_DEPLOYMENT_TARGET = 13.0;
				LD_RUNPATH_SEARCH_PATHS = (
					"$(inherited)",
					"@executable_path/Frameworks",
				);
				MARKETING_VERSION = 1.0.0;
				PRODUCT_BUNDLE_IDENTIFIER = com.testph.first;
				PRODUCT_NAME = "$(TARGET_NAME)";
				PROVISIONING_PROFILE_SPECIFIER = "";
				"PROVISIONING_PROFILE_SPECIFIER[sdk=iphoneos*]" = "Test PH1";
				SUPPORTED_PLATFORMS = "iphoneos iphonesimulator";
				SUPPORTS_MACCATALYST = NO;
				SUPPORTS_MAC_DESIGNED_FOR_IPHONE_IPAD = NO;
				SUPPORTS_XR_DESIGNED_FOR_IPHONE_IPAD = NO;
				SWIFT_EMIT_LOC_STRINGS = YES;
				SWIFT_VERSION = 5.0;
				TARGETED_DEVICE_FAMILY = 1;
			};
			name = Release;
		};
/* End XCBuildConfiguration section */

/* Begin XCConfigurationList section */
		18982DEA2C5E165A0036F819 /* Build configuration list for PBXProject "PesoAce" */ = {
			isa = XCConfigurationList;
			buildConfigurations = (
				18982E012C5E165B0036F819 /* Debug */,
				18982E022C5E165B0036F819 /* Release */,
			);
			defaultConfigurationIsVisible = 0;
			defaultConfigurationName = Release;
		};
		18982E032C5E165B0036F819 /* Build configuration list for PBXNativeTarget "PesoAce" */ = {
			isa = XCConfigurationList;
			buildConfigurations = (
				18982E042C5E165B0036F819 /* Debug */,
				18982E052C5E165B0036F819 /* Release */,
			);
			defaultConfigurationIsVisible = 0;
			defaultConfigurationName = Release;
		};
/* End XCConfigurationList section */
	};
	rootObject = 18982DE72C5E165A0036F819 /* Project object */;
}
